// !$*UTF8*$!
{
	archiveVersion = 1;
	classes = {
	};
	objectVersion = 56;
	objects = {

/* Begin PBXBuildFile section */
		F34F8A542B3418360063F0A1 /* RommeeApp.swift in Sources */ = {isa = PBXBuildFile; fileRef = F34F8A532B3418360063F0A1 /* RommeeApp.swift */; };
		F34F8A562B3418360063F0A1 /* ContentView.swift in Sources */ = {isa = PBXBuildFile; fileRef = F34F8A552B3418360063F0A1 /* ContentView.swift */; };
		F34F8A582B3418370063F0A1 /* Assets.xcassets in Resources */ = {isa = PBXBuildFile; fileRef = F34F8A572B3418370063F0A1 /* Assets.xcassets */; };
		F34F8A5B2B3418370063F0A1 /* Preview Assets.xcassets in Resources */ = {isa = PBXBuildFile; fileRef = F34F8A5A2B3418370063F0A1 /* Preview Assets.xcassets */; };
		F34F8A652B3418370063F0A1 /* RommeeTests.swift in Sources */ = {isa = PBXBuildFile; fileRef = F34F8A642B3418370063F0A1 /* RommeeTests.swift */; };
		F34F8A6F2B3418370063F0A1 /* RommeeUITests.swift in Sources */ = {isa = PBXBuildFile; fileRef = F34F8A6E2B3418370063F0A1 /* RommeeUITests.swift */; };
		F34F8A712B3418370063F0A1 /* RommeeUITestsLaunchTests.swift in Sources */ = {isa = PBXBuildFile; fileRef = F34F8A702B3418370063F0A1 /* RommeeUITestsLaunchTests.swift */; };
/* End PBXBuildFile section */

/* Begin PBXContainerItemProxy section */
		F34F8A612B3418370063F0A1 /* PBXContainerItemProxy */ = {
			isa = PBXContainerItemProxy;
			containerPortal = F34F8A482B3418360063F0A1 /* Project object */;
			proxyType = 1;
			remoteGlobalIDString = F34F8A4F2B3418360063F0A1;
			remoteInfo = Rommee;
		};
		F34F8A6B2B3418370063F0A1 /* PBXContainerItemProxy */ = {
			isa = PBXContainerItemProxy;
			containerPortal = F34F8A482B3418360063F0A1 /* Project object */;
			proxyType = 1;
			remoteGlobalIDString = F34F8A4F2B3418360063F0A1;
			remoteInfo = Rommee;
		};
/* End PBXContainerItemProxy section */

/* Begin PBXFileReference section */
		F34F8A502B3418360063F0A1 /* Rommee.app */ = {isa = PBXFileReference; explicitFileType = wrapper.application; includeInIndex = 0; path = Rommee.app; sourceTree = BUILT_PRODUCTS_DIR; };
		F34F8A532B3418360063F0A1 /* RommeeApp.swift */ = {isa = PBXFileReference; lastKnownFileType = sourcecode.swift; path = RommeeApp.swift; sourceTree = "<group>"; };
		F34F8A552B3418360063F0A1 /* ContentView.swift */ = {isa = PBXFileReference; lastKnownFileType = sourcecode.swift; path = ContentView.swift; sourceTree = "<group>"; };
		F34F8A572B3418370063F0A1 /* Assets.xcassets */ = {isa = PBXFileReference; lastKnownFileType = folder.assetcatalog; path = Assets.xcassets; sourceTree = "<group>"; };
		F34F8A5A2B3418370063F0A1 /* Preview Assets.xcassets */ = {isa = PBXFileReference; lastKnownFileType = folder.assetcatalog; path = "Preview Assets.xcassets"; sourceTree = "<group>"; };
		F34F8A602B3418370063F0A1 /* RommeeTests.xctest */ = {isa = PBXFileReference; explicitFileType = wrapper.cfbundle; includeInIndex = 0; path = RommeeTests.xctest; sourceTree = BUILT_PRODUCTS_DIR; };
		F34F8A642B3418370063F0A1 /* RommeeTests.swift */ = {isa = PBXFileReference; lastKnownFileType = sourcecode.swift; path = RommeeTests.swift; sourceTree = "<group>"; };
		F34F8A6A2B3418370063F0A1 /* RommeeUITests.xctest */ = {isa = PBXFileReference; explicitFileType = wrapper.cfbundle; includeInIndex = 0; path = RommeeUITests.xctest; sourceTree = BUILT_PRODUCTS_DIR; };
		F34F8A6E2B3418370063F0A1 /* RommeeUITests.swift */ = {isa = PBXFileReference; lastKnownFileType = sourcecode.swift; path = RommeeUITests.swift; sourceTree = "<group>"; };
		F34F8A702B3418370063F0A1 /* RommeeUITestsLaunchTests.swift */ = {isa = PBXFileReference; lastKnownFileType = sourcecode.swift; path = RommeeUITestsLaunchTests.swift; sourceTree = "<group>"; };
/* End PBXFileReference section */

/* Begin PBXFrameworksBuildPhase section */
		F34F8A4D2B3418360063F0A1 /* Frameworks */ = {
			isa = PBXFrameworksBuildPhase;
			buildActionMask = 2147483647;
			files = (
			);
			runOnlyForDeploymentPostprocessing = 0;
		};
		F34F8A5D2B3418370063F0A1 /* Frameworks */ = {
			isa = PBXFrameworksBuildPhase;
			buildActionMask = 2147483647;
			files = (
			);
			runOnlyForDeploymentPostprocessing = 0;
		};
		F34F8A672B3418370063F0A1 /* Frameworks */ = {
			isa = PBXFrameworksBuildPhase;
			buildActionMask = 2147483647;
			files = (
			);
			runOnlyForDeploymentPostprocessing = 0;
		};
/* End PBXFrameworksBuildPhase section */

/* Begin PBXGroup section */
		F34F8A472B3418360063F0A1 = {
			isa = PBXGroup;
			children = (
				F34F8A522B3418360063F0A1 /* Rommee */,
				F34F8A632B3418370063F0A1 /* RommeeTests */,
				F34F8A6D2B3418370063F0A1 /* RommeeUITests */,
				F34F8A512B3418360063F0A1 /* Products */,
			);
			sourceTree = "<group>";
		};
		F34F8A512B3418360063F0A1 /* Products */ = {
			isa = PBXGroup;
			children = (
				F34F8A502B3418360063F0A1 /* Rommee.app */,
				F34F8A602B3418370063F0A1 /* RommeeTests.xctest */,
				F34F8A6A2B3418370063F0A1 /* RommeeUITests.xctest */,
			);
			name = Products;
			sourceTree = "<group>";
		};
		F34F8A522B3418360063F0A1 /* Rommee */ = {
			isa = PBXGroup;
			children = (
				F34F8A532B3418360063F0A1 /* RommeeApp.swift */,
				F34F8A552B3418360063F0A1 /* ContentView.swift */,
				F34F8A572B3418370063F0A1 /* Assets.xcassets */,
				F34F8A592B3418370063F0A1 /* Preview Content */,
			);
			path = Rommee;
			sourceTree = "<group>";
		};
		F34F8A592B3418370063F0A1 /* Preview Content */ = {
			isa = PBXGroup;
			children = (
				F34F8A5A2B3418370063F0A1 /* Preview Assets.xcassets */,
			);
			path = "Preview Content";
			sourceTree = "<group>";
		};
		F34F8A632B3418370063F0A1 /* RommeeTests */ = {
			isa = PBXGroup;
			children = (
				F34F8A642B3418370063F0A1 /* RommeeTests.swift */,
			);
			path = RommeeTests;
			sourceTree = "<group>";
		};
		F34F8A6D2B3418370063F0A1 /* RommeeUITests */ = {
			isa = PBXGroup;
			children = (
				F34F8A6E2B3418370063F0A1 /* RommeeUITests.swift */,
				F34F8A702B3418370063F0A1 /* RommeeUITestsLaunchTests.swift */,
			);
			path = RommeeUITests;
			sourceTree = "<group>";
		};
/* End PBXGroup section */

/* Begin PBXNativeTarget section */
		F34F8A4F2B3418360063F0A1 /* Rommee */ = {
			isa = PBXNativeTarget;
			buildConfigurationList = F34F8A742B3418370063F0A1 /* Build configuration list for PBXNativeTarget "Rommee" */;
			buildPhases = (
				F34F8A4C2B3418360063F0A1 /* Sources */,
				F34F8A4D2B3418360063F0A1 /* Frameworks */,
				F34F8A4E2B3418360063F0A1 /* Resources */,
			);
			buildRules = (
			);
			dependencies = (
			);
			name = Rommee;
			productName = Rommee;
			productReference = F34F8A502B3418360063F0A1 /* Rommee.app */;
			productType = "com.apple.product-type.application";
		};
		F34F8A5F2B3418370063F0A1 /* RommeeTests */ = {
			isa = PBXNativeTarget;
			buildConfigurationList = F34F8A772B3418370063F0A1 /* Build configuration list for PBXNativeTarget "RommeeTests" */;
			buildPhases = (
				F34F8A5C2B3418370063F0A1 /* Sources */,
				F34F8A5D2B3418370063F0A1 /* Frameworks */,
				F34F8A5E2B3418370063F0A1 /* Resources */,
			);
			buildRules = (
			);
			dependencies = (
				F34F8A622B3418370063F0A1 /* PBXTargetDependency */,
			);
			name = RommeeTests;
			productName = RommeeTests;
			productReference = F34F8A602B3418370063F0A1 /* RommeeTests.xctest */;
			productType = "com.apple.product-type.bundle.unit-test";
		};
		F34F8A692B3418370063F0A1 /* RommeeUITests */ = {
			isa = PBXNativeTarget;
			buildConfigurationList = F34F8A7A2B3418370063F0A1 /* Build configuration list for PBXNativeTarget "RommeeUITests" */;
			buildPhases = (
				F34F8A662B3418370063F0A1 /* Sources */,
				F34F8A672B3418370063F0A1 /* Frameworks */,
				F34F8A682B3418370063F0A1 /* Resources */,
			);
			buildRules = (
			);
			dependencies = (
				F34F8A6C2B3418370063F0A1 /* PBXTargetDependency */,
			);
			name = RommeeUITests;
			productName = RommeeUITests;
			productReference = F34F8A6A2B3418370063F0A1 /* RommeeUITests.xctest */;
			productType = "com.apple.product-type.bundle.ui-testing";
		};
/* End PBXNativeTarget section */

/* Begin PBXProject section */
		F34F8A482B3418360063F0A1 /* Project object */ = {
			isa = PBXProject;
			attributes = {
				BuildIndependentTargetsInParallel = 1;
				LastSwiftUpdateCheck = 1510;
				LastUpgradeCheck = 1510;
				TargetAttributes = {
					F34F8A4F2B3418360063F0A1 = {
						CreatedOnToolsVersion = 15.1;
					};
					F34F8A5F2B3418370063F0A1 = {
						CreatedOnToolsVersion = 15.1;
						TestTargetID = F34F8A4F2B3418360063F0A1;
					};
					F34F8A692B3418370063F0A1 = {
						CreatedOnToolsVersion = 15.1;
						TestTargetID = F34F8A4F2B3418360063F0A1;
					};
				};
			};
			buildConfigurationList = F34F8A4B2B3418360063F0A1 /* Build configuration list for PBXProject "Rommee" */;
			compatibilityVersion = "Xcode 14.0";
			developmentRegion = en;
			hasScannedForEncodings = 0;
			knownRegions = (
				en,
				Base,
			);
			mainGroup = F34F8A472B3418360063F0A1;
			productRefGroup = F34F8A512B3418360063F0A1 /* Products */;
			projectDirPath = "";
			projectRoot = "";
			targets = (
				F34F8A4F2B3418360063F0A1 /* Rommee */,
				F34F8A5F2B3418370063F0A1 /* RommeeTests */,
				F34F8A692B3418370063F0A1 /* RommeeUITests */,
			);
		};
/* End PBXProject section */

/* Begin PBXResourcesBuildPhase section */
		F34F8A4E2B3418360063F0A1 /* Resources */ = {
			isa = PBXResourcesBuildPhase;
			buildActionMask = 2147483647;
			files = (
				F34F8A5B2B3418370063F0A1 /* Preview Assets.xcassets in Resources */,
				F34F8A582B3418370063F0A1 /* Assets.xcassets in Resources */,
			);
			runOnlyForDeploymentPostprocessing = 0;
		};
		F34F8A5E2B3418370063F0A1 /* Resources */ = {
			isa = PBXResourcesBuildPhase;
			buildActionMask = 2147483647;
			files = (
			);
			runOnlyForDeploymentPostprocessing = 0;
		};
		F34F8A682B3418370063F0A1 /* Resources */ = {
			isa = PBXResourcesBuildPhase;
			buildActionMask = 2147483647;
			files = (
			);
			runOnlyForDeploymentPostprocessing = 0;
		};
/* End PBXResourcesBuildPhase section */

/* Begin PBXSourcesBuildPhase section */
		F34F8A4C2B3418360063F0A1 /* Sources */ = {
			isa = PBXSourcesBuildPhase;
			buildActionMask = 2147483647;
			files = (
				F34F8A562B3418360063F0A1 /* ContentView.swift in Sources */,
				F34F8A542B3418360063F0A1 /* RommeeApp.swift in Sources */,
			);
			runOnlyForDeploymentPostprocessing = 0;
		};
		F34F8A5C2B3418370063F0A1 /* Sources */ = {
			isa = PBXSourcesBuildPhase;
			buildActionMask = 2147483647;
			files = (
				F34F8A652B3418370063F0A1 /* RommeeTests.swift in Sources */,
			);
			runOnlyForDeploymentPostprocessing = 0;
		};
		F34F8A662B3418370063F0A1 /* Sources */ = {
			isa = PBXSourcesBuildPhase;
			buildActionMask = 2147483647;
			files = (
				F34F8A6F2B3418370063F0A1 /* RommeeUITests.swift in Sources */,
				F34F8A712B3418370063F0A1 /* RommeeUITestsLaunchTests.swift in Sources */,
			);
			runOnlyForDeploymentPostprocessing = 0;
		};
/* End PBXSourcesBuildPhase section */

/* Begin PBXTargetDependency section */
		F34F8A622B3418370063F0A1 /* PBXTargetDependency */ = {
			isa = PBXTargetDependency;
			target = F34F8A4F2B3418360063F0A1 /* Rommee */;
			targetProxy = F34F8A612B3418370063F0A1 /* PBXContainerItemProxy */;
		};
		F34F8A6C2B3418370063F0A1 /* PBXTargetDependency */ = {
			isa = PBXTargetDependency;
			target = F34F8A4F2B3418360063F0A1 /* Rommee */;
			targetProxy = F34F8A6B2B3418370063F0A1 /* PBXContainerItemProxy */;
		};
/* End PBXTargetDependency section */

/* Begin XCBuildConfiguration section */
		F34F8A722B3418370063F0A1 /* Debug */ = {
			isa = XCBuildConfiguration;
			buildSettings = {
				ALWAYS_SEARCH_USER_PATHS = NO;
				ASSETCATALOG_COMPILER_GENERATE_SWIFT_ASSET_SYMBOL_EXTENSIONS = YES;
				CLANG_ANALYZER_NONNULL = YES;
				CLANG_ANALYZER_NUMBER_OBJECT_CONVERSION = YES_AGGRESSIVE;
				CLANG_CXX_LANGUAGE_STANDARD = "gnu++20";
				CLANG_ENABLE_MODULES = YES;
				CLANG_ENABLE_OBJC_ARC = YES;
				CLANG_ENABLE_OBJC_WEAK = YES;
				CLANG_WARN_BLOCK_CAPTURE_AUTORELEASING = YES;
				CLANG_WARN_BOOL_CONVERSION = YES;
				CLANG_WARN_COMMA = YES;
				CLANG_WARN_CONSTANT_CONVERSION = YES;
				CLANG_WARN_DEPRECATED_OBJC_IMPLEMENTATIONS = YES;
				CLANG_WARN_DIRECT_OBJC_ISA_USAGE = YES_ERROR;
				CLANG_WARN_DOCUMENTATION_COMMENTS = YES;
				CLANG_WARN_EMPTY_BODY = YES;
				CLANG_WARN_ENUM_CONVERSION = YES;
				CLANG_WARN_INFINITE_RECURSION = YES;
				CLANG_WARN_INT_CONVERSION = YES;
				CLANG_WARN_NON_LITERAL_NULL_CONVERSION = YES;
				CLANG_WARN_OBJC_IMPLICIT_RETAIN_SELF = YES;
				CLANG_WARN_OBJC_LITERAL_CONVERSION = YES;
				CLANG_WARN_OBJC_ROOT_CLASS = YES_ERROR;
				CLANG_WARN_QUOTED_INCLUDE_IN_FRAMEWORK_HEADER = YES;
				CLANG_WARN_RANGE_LOOP_ANALYSIS = YES;
				CLANG_WARN_STRICT_PROTOTYPES = YES;
				CLANG_WARN_SUSPICIOUS_MOVE = YES;
				CLANG_WARN_UNGUARDED_AVAILABILITY = YES_AGGRESSIVE;
				CLANG_WARN_UNREACHABLE_CODE = YES;
				CLANG_WARN__DUPLICATE_METHOD_MATCH = YES;
				COPY_PHASE_STRIP = NO;
				DEBUG_INFORMATION_FORMAT = dwarf;
				ENABLE_STRICT_OBJC_MSGSEND = YES;
				ENABLE_TESTABILITY = YES;
				ENABLE_USER_SCRIPT_SANDBOXING = YES;
				GCC_C_LANGUAGE_STANDARD = gnu17;
				GCC_DYNAMIC_NO_PIC = NO;
				GCC_NO_COMMON_BLOCKS = YES;
				GCC_OPTIMIZATION_LEVEL = 0;
				GCC_PREPROCESSOR_DEFINITIONS = (
					"DEBUG=1",
					"$(inherited)",
				);
				GCC_WARN_64_TO_32_BIT_CONVERSION = YES;
				GCC_WARN_ABOUT_RETURN_TYPE = YES_ERROR;
				GCC_WARN_UNDECLARED_SELECTOR = YES;
				GCC_WARN_UNINITIALIZED_AUTOS = YES_AGGRESSIVE;
				GCC_WARN_UNUSED_FUNCTION = YES;
				GCC_WARN_UNUSED_VARIABLE = YES;
				IPHONEOS_DEPLOYMENT_TARGET = 17.2;
				LOCALIZATION_PREFERS_STRING_CATALOGS = YES;
				MTL_ENABLE_DEBUG_INFO = INCLUDE_SOURCE;
				MTL_FAST_MATH = YES;
				ONLY_ACTIVE_ARCH = YES;
				SDKROOT = iphoneos;
				SWIFT_ACTIVE_COMPILATION_CONDITIONS = "DEBUG $(inherited)";
				SWIFT_OPTIMIZATION_LEVEL = "-Onone";
			};
			name = Debug;
		};
		F34F8A732B3418370063F0A1 /* Release */ = {
			isa = XCBuildConfiguration;
			buildSettings = {
				ALWAYS_SEARCH_USER_PATHS = NO;
				ASSETCATALOG_COMPILER_GENERATE_SWIFT_ASSET_SYMBOL_EXTENSIONS = YES;
				CLANG_ANALYZER_NONNULL = YES;
				CLANG_ANALYZER_NUMBER_OBJECT_CONVERSION = YES_AGGRESSIVE;
				CLANG_CXX_LANGUAGE_STANDARD = "gnu++20";
				CLANG_ENABLE_MODULES = YES;
				CLANG_ENABLE_OBJC_ARC = YES;
				CLANG_ENABLE_OBJC_WEAK = YES;
				CLANG_WARN_BLOCK_CAPTURE_AUTORELEASING = YES;
				CLANG_WARN_BOOL_CONVERSION = YES;
				CLANG_WARN_COMMA = YES;
				CLANG_WARN_CONSTANT_CONVERSION = YES;
				CLANG_WARN_DEPRECATED_OBJC_IMPLEMENTATIONS = YES;
				CLANG_WARN_DIRECT_OBJC_ISA_USAGE = YES_ERROR;
				CLANG_WARN_DOCUMENTATION_COMMENTS = YES;
				CLANG_WARN_EMPTY_BODY = YES;
				CLANG_WARN_ENUM_CONVERSION = YES;
				CLANG_WARN_INFINITE_RECURSION = YES;
				CLANG_WARN_INT_CONVERSION = YES;
				CLANG_WARN_NON_LITERAL_NULL_CONVERSION = YES;
				CLANG_WARN_OBJC_IMPLICIT_RETAIN_SELF = YES;
				CLANG_WARN_OBJC_LITERAL_CONVERSION = YES;
				CLANG_WARN_OBJC_ROOT_CLASS = YES_ERROR;
				CLANG_WARN_QUOTED_INCLUDE_IN_FRAMEWORK_HEADER = YES;
				CLANG_WARN_RANGE_LOOP_ANALYSIS = YES;
				CLANG_WARN_STRICT_PROTOTYPES = YES;
				CLANG_WARN_SUSPICIOUS_MOVE = YES;
				CLANG_WARN_UNGUARDED_AVAILABILITY = YES_AGGRESSIVE;
				CLANG_WARN_UNREACHABLE_CODE = YES;
				CLANG_WARN__DUPLICATE_METHOD_MATCH = YES;
				COPY_PHASE_STRIP = NO;
				DEBUG_INFORMATION_FORMAT = "dwarf-with-dsym";
				ENABLE_NS_ASSERTIONS = NO;
				ENABLE_STRICT_OBJC_MSGSEND = YES;
				ENABLE_USER_SCRIPT_SANDBOXING = YES;
				GCC_C_LANGUAGE_STANDARD = gnu17;
				GCC_NO_COMMON_BLOCKS = YES;
				GCC_WARN_64_TO_32_BIT_CONVERSION = YES;
				GCC_WARN_ABOUT_RETURN_TYPE = YES_ERROR;
				GCC_WARN_UNDECLARED_SELECTOR = YES;
				GCC_WARN_UNINITIALIZED_AUTOS = YES_AGGRESSIVE;
				GCC_WARN_UNUSED_FUNCTION = YES;
				GCC_WARN_UNUSED_VARIABLE = YES;
				IPHONEOS_DEPLOYMENT_TARGET = 17.2;
				LOCALIZATION_PREFERS_STRING_CATALOGS = YES;
				MTL_ENABLE_DEBUG_INFO = NO;
				MTL_FAST_MATH = YES;
				SDKROOT = iphoneos;
				SWIFT_COMPILATION_MODE = wholemodule;
				VALIDATE_PRODUCT = YES;
			};
			name = Release;
		};
		F34F8A752B3418370063F0A1 /* Debug */ = {
			isa = XCBuildConfiguration;
			buildSettings = {
				ASSETCATALOG_COMPILER_APPICON_NAME = AppIcon;
				ASSETCATALOG_COMPILER_GLOBAL_ACCENT_COLOR_NAME = AccentColor;
				CODE_SIGN_STYLE = Automatic;
				CURRENT_PROJECT_VERSION = 1;
				DEVELOPMENT_ASSET_PATHS = "\"Rommee/Preview Content\"";
				ENABLE_PREVIEWS = YES;
				GENERATE_INFOPLIST_FILE = YES;
				INFOPLIST_KEY_UIApplicationSceneManifest_Generation = YES;
				INFOPLIST_KEY_UIApplicationSupportsIndirectInputEvents = YES;
				INFOPLIST_KEY_UILaunchScreen_Generation = YES;
				INFOPLIST_KEY_UISupportedInterfaceOrientations_iPad = "UIInterfaceOrientationPortrait UIInterfaceOrientationPortraitUpsideDown UIInterfaceOrientationLandscapeLeft UIInterfaceOrientationLandscapeRight";
				INFOPLIST_KEY_UISupportedInterfaceOrientations_iPhone = "UIInterfaceOrientationPortrait UIInterfaceOrientationLandscapeLeft UIInterfaceOrientationLandscapeRight";
				LD_RUNPATH_SEARCH_PATHS = (
					"$(inherited)",
					"@executable_path/Frameworks",
				);
				MARKETING_VERSION = 1.0;
				PRODUCT_BUNDLE_IDENTIFIER = nihonnet.Rommee;
				PRODUCT_NAME = "$(TARGET_NAME)";
				SWIFT_EMIT_LOC_STRINGS = YES;
				SWIFT_VERSION = 5.0;
				TARGETED_DEVICE_FAMILY = "1,2";
			};
			name = Debug;
		};
		F34F8A762B3418370063F0A1 /* Release */ = {
			isa = XCBuildConfiguration;
			buildSettings = {
				ASSETCATALOG_COMPILER_APPICON_NAME = AppIcon;
				ASSETCATALOG_COMPILER_GLOBAL_ACCENT_COLOR_NAME = AccentColor;
				CODE_SIGN_STYLE = Automatic;
				CURRENT_PROJECT_VERSION = 1;
				DEVELOPMENT_ASSET_PATHS = "\"Rommee/Preview Content\"";
				ENABLE_PREVIEWS = YES;
				GENERATE_INFOPLIST_FILE = YES;
				INFOPLIST_KEY_UIApplicationSceneManifest_Generation = YES;
				INFOPLIST_KEY_UIApplicationSupportsIndirectInputEvents = YES;
				INFOPLIST_KEY_UILaunchScreen_Generation = YES;
				INFOPLIST_KEY_UISupportedInterfaceOrientations_iPad = "UIInterfaceOrientationPortrait UIInterfaceOrientationPortraitUpsideDown UIInterfaceOrientationLandscapeLeft UIInterfaceOrientationLandscapeRight";
				INFOPLIST_KEY_UISupportedInterfaceOrientations_iPhone = "UIInterfaceOrientationPortrait UIInterfaceOrientationLandscapeLeft UIInterfaceOrientationLandscapeRight";
				LD_RUNPATH_SEARCH_PATHS = (
					"$(inherited)",
					"@executable_path/Frameworks",
				);
				MARKETING_VERSION = 1.0;
				PRODUCT_BUNDLE_IDENTIFIER = nihonnet.Rommee;
				PRODUCT_NAME = "$(TARGET_NAME)";
				SWIFT_EMIT_LOC_STRINGS = YES;
				SWIFT_VERSION = 5.0;
				TARGETED_DEVICE_FAMILY = "1,2";
			};
			name = Release;
		};
		F34F8A782B3418370063F0A1 /* Debug */ = {
			isa = XCBuildConfiguration;
			buildSettings = {
				ALWAYS_EMBED_SWIFT_STANDARD_LIBRARIES = YES;
				BUNDLE_LOADER = "$(TEST_HOST)";
				CODE_SIGN_STYLE = Automatic;
				CURRENT_PROJECT_VERSION = 1;
				GENERATE_INFOPLIST_FILE = YES;
				IPHONEOS_DEPLOYMENT_TARGET = 17.2;
				MARKETING_VERSION = 1.0;
				PRODUCT_BUNDLE_IDENTIFIER = nihonnet.RommeeTests;
				PRODUCT_NAME = "$(TARGET_NAME)";
				SWIFT_EMIT_LOC_STRINGS = NO;
				SWIFT_VERSION = 5.0;
				TARGETED_DEVICE_FAMILY = "1,2";
				TEST_HOST = "$(BUILT_PRODUCTS_DIR)/Rommee.app/$(BUNDLE_EXECUTABLE_FOLDER_PATH)/Rommee";
			};
			name = Debug;
		};
		F34F8A792B3418370063F0A1 /* Release */ = {
			isa = XCBuildConfiguration;
			buildSettings = {
				ALWAYS_EMBED_SWIFT_STANDARD_LIBRARIES = YES;
				BUNDLE_LOADER = "$(TEST_HOST)";
				CODE_SIGN_STYLE = Automatic;
				CURRENT_PROJECT_VERSION = 1;
				GENERATE_INFOPLIST_FILE = YES;
				IPHONEOS_DEPLOYMENT_TARGET = 17.2;
				MARKETING_VERSION = 1.0;
				PRODUCT_BUNDLE_IDENTIFIER = nihonnet.RommeeTests;
				PRODUCT_NAME = "$(TARGET_NAME)";
				SWIFT_EMIT_LOC_STRINGS = NO;
				SWIFT_VERSION = 5.0;
				TARGETED_DEVICE_FAMILY = "1,2";
				TEST_HOST = "$(BUILT_PRODUCTS_DIR)/Rommee.app/$(BUNDLE_EXECUTABLE_FOLDER_PATH)/Rommee";
			};
			name = Release;
		};
		F34F8A7B2B3418370063F0A1 /* Debug */ = {
			isa = XCBuildConfiguration;
			buildSettings = {
				ALWAYS_EMBED_SWIFT_STANDARD_LIBRARIES = YES;
				CODE_SIGN_STYLE = Automatic;
				CURRENT_PROJECT_VERSION = 1;
				GENERATE_INFOPLIST_FILE = YES;
				MARKETING_VERSION = 1.0;
				PRODUCT_BUNDLE_IDENTIFIER = nihonnet.RommeeUITests;
				PRODUCT_NAME = "$(TARGET_NAME)";
				SWIFT_EMIT_LOC_STRINGS = NO;
				SWIFT_VERSION = 5.0;
				TARGETED_DEVICE_FAMILY = "1,2";
				TEST_TARGET_NAME = Rommee;
			};
			name = Debug;
		};
		F34F8A7C2B3418370063F0A1 /* Release */ = {
			isa = XCBuildConfiguration;
			buildSettings = {
				ALWAYS_EMBED_SWIFT_STANDARD_LIBRARIES = YES;
				CODE_SIGN_STYLE = Automatic;
				CURRENT_PROJECT_VERSION = 1;
				GENERATE_INFOPLIST_FILE = YES;
				MARKETING_VERSION = 1.0;
				PRODUCT_BUNDLE_IDENTIFIER = nihonnet.RommeeUITests;
				PRODUCT_NAME = "$(TARGET_NAME)";
				SWIFT_EMIT_LOC_STRINGS = NO;
				SWIFT_VERSION = 5.0;
				TARGETED_DEVICE_FAMILY = "1,2";
				TEST_TARGET_NAME = Rommee;
			};
			name = Release;
		};
/* End XCBuildConfiguration section */

/* Begin XCConfigurationList section */
		F34F8A4B2B3418360063F0A1 /* Build configuration list for PBXProject "Rommee" */ = {
			isa = XCConfigurationList;
			buildConfigurations = (
				F34F8A722B3418370063F0A1 /* Debug */,
				F34F8A732B3418370063F0A1 /* Release */,
			);
			defaultConfigurationIsVisible = 0;
			defaultConfigurationName = Release;
		};
		F34F8A742B3418370063F0A1 /* Build configuration list for PBXNativeTarget "Rommee" */ = {
			isa = XCConfigurationList;
			buildConfigurations = (
				F34F8A752B3418370063F0A1 /* Debug */,
				F34F8A762B3418370063F0A1 /* Release */,
			);
			defaultConfigurationIsVisible = 0;
			defaultConfigurationName = Release;
		};
		F34F8A772B3418370063F0A1 /* Build configuration list for PBXNativeTarget "RommeeTests" */ = {
			isa = XCConfigurationList;
			buildConfigurations = (
				F34F8A782B3418370063F0A1 /* Debug */,
				F34F8A792B3418370063F0A1 /* Release */,
			);
			defaultConfigurationIsVisible = 0;
			defaultConfigurationName = Release;
		};
		F34F8A7A2B3418370063F0A1 /* Build configuration list for PBXNativeTarget "RommeeUITests" */ = {
			isa = XCConfigurationList;
			buildConfigurations = (
				F34F8A7B2B3418370063F0A1 /* Debug */,
				F34F8A7C2B3418370063F0A1 /* Release */,
			);
			defaultConfigurationIsVisible = 0;
			defaultConfigurationName = Release;
		};
/* End XCConfigurationList section */
	};
	rootObject = F34F8A482B3418360063F0A1 /* Project object */;
}
